
Microsoft Visual Studio Solution File, Format Version 12.00
# Visual Studio Version 17
VisualStudioVersion = 17.10.35122.118
MinimumVisualStudioVersion = 10.0.40219.1
Project("{FAE04EC0-301F-11D3-BF4B-00C04F79EFBC}") = "DougsDoor", "DougsDoor.csproj", "{92F7E770-446F-4F00-B7B0-D036AF194EF2}"
EndProject
Global
	GlobalSection(SolutionConfigurationPlatforms) = preSolution
		Debug|Any CPU = Debug|Any CPU
		Release|Any CPU = Release|Any CPU
	EndGlobalSection
	GlobalSection(ProjectConfigurationPlatforms) = postSolution
		{92F7E770-446F-4F00-B7B0-D036AF194EF2}.Debug|Any CPU.ActiveCfg = Debug|Any CPU
		{92F7E770-446F-4F00-B7B0-D036AF194EF2}.Debug|Any CPU.Build.0 = Debug|Any CPU
		{92F7E770-446F-4F00-B7B0-D036AF194EF2}.Release|Any CPU.ActiveCfg = Release|Any CPU
		{92F7E770-446F-4F00-B7B0-D036AF194EF2}.Release|Any CPU.Build.0 = Release|Any CPU
	EndGlobalSection
	GlobalSection(SolutionProperties) = preSolution
		HideSolutionNode = FALSE
	EndGlobalSection
	GlobalSection(ExtensibilityGlobals) = postSolution
		SolutionGuid = {A7144A4D-FB62-412F-95C1-FDA5DBB45A7D}
	EndGlobalSection
EndGlobal
